
Microsoft Visual Studio Solution File, Format Version 12.00
# Visual Studio Version 17
VisualStudioVersion = 17.5.33530.505
MinimumVisualStudioVersion = 10.0.40219.1
Project("{FAE04EC0-301F-11D3-BF4B-00C04F79EFBC}") = "WebApplication1", "WebApplication1\WebApplication1.csproj", "{BD225D79-1B11-43A2-AD12-C42DF86EBAAC}"
EndProject
Global
	GlobalSection(SolutionConfigurationPlatforms) = preSolution
		Debug|Any CPU = Debug|Any CPU
		Release|Any CPU = Release|Any CPU
	EndGlobalSection
	GlobalSection(ProjectConfigurationPlatforms) = postSolution
		{BD225D79-1B11-43A2-AD12-C42DF86EBAAC}.Debug|Any CPU.ActiveCfg = Debug|Any CPU
		{BD225D79-1B11-43A2-AD12-C42DF86EBAAC}.Debug|Any CPU.Build.0 = Debug|Any CPU
		{BD225D79-1B11-43A2-AD12-C42DF86EBAAC}.Release|Any CPU.ActiveCfg = Release|Any CPU
		{BD225D79-1B11-43A2-AD12-C42DF86EBAAC}.Release|Any CPU.Build.0 = Release|Any CPU
	EndGlobalSection
	GlobalSection(SolutionProperties) = preSolution
		HideSolutionNode = FALSE
	EndGlobalSection
	GlobalSection(ExtensibilityGlobals) = postSolution
		SolutionGuid = {5DAF91EC-2A70-4986-90E9-080C3A304F05}
	EndGlobalSection
EndGlobal
